
Microsoft Visual Studio Solution File, Format Version 12.00
# Visual Studio Version 17
VisualStudioVersion = 17.8.34330.188
MinimumVisualStudioVersion = 10.0.40219.1
Project("{2150E333-8FDC-42A3-9474-1A3956D46DE8}") = "1. Services", "1. Services", "{51F02F25-4E0D-4131-B766-492052C7A5CE}"
EndProject
Project("{FAE04EC0-301F-11D3-BF4B-00C04F79EFBC}") = "Services.Api", "1. Services\Services.Api\Services.Api.csproj", "{1F472AB7-167E-432E-876D-8C24D5E32D78}"
EndProject
Project("{2150E333-8FDC-42A3-9474-1A3956D46DE8}") = "2. Application", "2. Application", "{6BA811BB-305C-4EC5-8A9D-471D9434A4F5}"
EndProject
Project("{9A19103F-16F7-4668-BE54-9A1E7A4F7556}") = "Application", "2. Application\Application\Application.csproj", "{A653C3D2-1D59-497E-A5FC-759A596939FC}"
EndProject
Project("{2150E333-8FDC-42A3-9474-1A3956D46DE8}") = "3. Domain", "3. Domain", "{C37D213D-A66A-4376-B5A7-DFA39DF811F8}"
EndProject
Project("{FAE04EC0-301F-11D3-BF4B-00C04F79EFBC}") = "Domain", "3. Domain\Domain\Domain.csproj", "{D62368B7-DF33-4407-9811-A95AC8899392}"
EndProject
Project("{2150E333-8FDC-42A3-9474-1A3956D46DE8}") = "4. Infrastructure", "4. Infrastructure", "{BDFF10CF-FC04-4C42-9F16-C498BA4F4ADF}"
EndProject
Project("{FAE04EC0-301F-11D3-BF4B-00C04F79EFBC}") = "Infrastructure", "4. Infrastructure\Infrastructure\Infrastructure.csproj", "{BDD14C65-E723-4B95-8F55-799D7B99EB42}"
EndProject
Project("{2150E333-8FDC-42A3-9474-1A3956D46DE8}") = "5. CrossCutting", "5. CrossCutting", "{E27A06F3-1859-475F-9B9F-39C7848FF83B}"
EndProject
Project("{FAE04EC0-301F-11D3-BF4B-00C04F79EFBC}") = "CrossCutting", "5. CrossCutting\CrossCutting\CrossCutting.csproj", "{AB528CFC-414A-49EF-8856-748B9A4D2447}"
EndProject
Project("{2150E333-8FDC-42A3-9474-1A3956D46DE8}") = "6. Common", "6. Common", "{A70B8596-72AB-41B8-8573-2A587BE997E4}"
EndProject
Project("{FAE04EC0-301F-11D3-BF4B-00C04F79EFBC}") = "Common.Logs", "6. Common\Common.Logs\Common.Logs.csproj", "{151BA149-3568-49EF-8AC9-91F99D626B9E}"
EndProject
Global
	GlobalSection(SolutionConfigurationPlatforms) = preSolution
		Debug|Any CPU = Debug|Any CPU
		Release|Any CPU = Release|Any CPU
	EndGlobalSection
	GlobalSection(ProjectConfigurationPlatforms) = postSolution
		{1F472AB7-167E-432E-876D-8C24D5E32D78}.Debug|Any CPU.ActiveCfg = Debug|Any CPU
		{1F472AB7-167E-432E-876D-8C24D5E32D78}.Debug|Any CPU.Build.0 = Debug|Any CPU
		{1F472AB7-167E-432E-876D-8C24D5E32D78}.Release|Any CPU.ActiveCfg = Release|Any CPU
		{1F472AB7-167E-432E-876D-8C24D5E32D78}.Release|Any CPU.Build.0 = Release|Any CPU
		{A653C3D2-1D59-497E-A5FC-759A596939FC}.Debug|Any CPU.ActiveCfg = Debug|Any CPU
		{A653C3D2-1D59-497E-A5FC-759A596939FC}.Debug|Any CPU.Build.0 = Debug|Any CPU
		{A653C3D2-1D59-497E-A5FC-759A596939FC}.Release|Any CPU.ActiveCfg = Release|Any CPU
		{A653C3D2-1D59-497E-A5FC-759A596939FC}.Release|Any CPU.Build.0 = Release|Any CPU
		{D62368B7-DF33-4407-9811-A95AC8899392}.Debug|Any CPU.ActiveCfg = Debug|Any CPU
		{D62368B7-DF33-4407-9811-A95AC8899392}.Debug|Any CPU.Build.0 = Debug|Any CPU
		{D62368B7-DF33-4407-9811-A95AC8899392}.Release|Any CPU.ActiveCfg = Release|Any CPU
		{D62368B7-DF33-4407-9811-A95AC8899392}.Release|Any CPU.Build.0 = Release|Any CPU
		{BDD14C65-E723-4B95-8F55-799D7B99EB42}.Debug|Any CPU.ActiveCfg = Debug|Any CPU
		{BDD14C65-E723-4B95-8F55-799D7B99EB42}.Debug|Any CPU.Build.0 = Debug|Any CPU
		{BDD14C65-E723-4B95-8F55-799D7B99EB42}.Release|Any CPU.ActiveCfg = Release|Any CPU
		{BDD14C65-E723-4B95-8F55-799D7B99EB42}.Release|Any CPU.Build.0 = Release|Any CPU
		{AB528CFC-414A-49EF-8856-748B9A4D2447}.Debug|Any CPU.ActiveCfg = Debug|Any CPU
		{AB528CFC-414A-49EF-8856-748B9A4D2447}.Debug|Any CPU.Build.0 = Debug|Any CPU
		{AB528CFC-414A-49EF-8856-748B9A4D2447}.Release|Any CPU.ActiveCfg = Release|Any CPU
		{AB528CFC-414A-49EF-8856-748B9A4D2447}.Release|Any CPU.Build.0 = Release|Any CPU
		{151BA149-3568-49EF-8AC9-91F99D626B9E}.Debug|Any CPU.ActiveCfg = Debug|Any CPU
		{151BA149-3568-49EF-8AC9-91F99D626B9E}.Debug|Any CPU.Build.0 = Debug|Any CPU
		{151BA149-3568-49EF-8AC9-91F99D626B9E}.Release|Any CPU.ActiveCfg = Release|Any CPU
		{151BA149-3568-49EF-8AC9-91F99D626B9E}.Release|Any CPU.Build.0 = Release|Any CPU
	EndGlobalSection
	GlobalSection(SolutionProperties) = preSolution
		HideSolutionNode = FALSE
	EndGlobalSection
	GlobalSection(NestedProjects) = preSolution
		{1F472AB7-167E-432E-876D-8C24D5E32D78} = {51F02F25-4E0D-4131-B766-492052C7A5CE}
		{A653C3D2-1D59-497E-A5FC-759A596939FC} = {6BA811BB-305C-4EC5-8A9D-471D9434A4F5}
		{D62368B7-DF33-4407-9811-A95AC8899392} = {C37D213D-A66A-4376-B5A7-DFA39DF811F8}
		{BDD14C65-E723-4B95-8F55-799D7B99EB42} = {BDFF10CF-FC04-4C42-9F16-C498BA4F4ADF}
		{AB528CFC-414A-49EF-8856-748B9A4D2447} = {E27A06F3-1859-475F-9B9F-39C7848FF83B}
		{151BA149-3568-49EF-8AC9-91F99D626B9E} = {A70B8596-72AB-41B8-8573-2A587BE997E4}
	EndGlobalSection
	GlobalSection(ExtensibilityGlobals) = postSolution
		SolutionGuid = {600AA2C5-554D-439E-A055-4583CEB2C6F8}
	EndGlobalSection
EndGlobal
